// !$*UTF8*$!
{
	archiveVersion = 1;
	classes = {
	};
	objectVersion = 46;
	objects = {

/* Begin PBXBuildFile section */
		A8214B231E99BFB8005E3F4D /* main.m in Sources */ = {isa = PBXBuildFile; fileRef = A8214B221E99BFB8005E3F4D /* main.m */; };
		A8214B261E99BFB8005E3F4D /* AppDelegate.m in Sources */ = {isa = PBXBuildFile; fileRef = A8214B251E99BFB8005E3F4D /* AppDelegate.m */; };
		A8214B291E99BFB8005E3F4D /* ViewController.mm in Sources */ = {isa = PBXBuildFile; fileRef = A8214B281E99BFB8005E3F4D /* ViewController.mm */; };
		A8214B2C1E99BFB8005E3F4D /* Main.storyboard in Resources */ = {isa = PBXBuildFile; fileRef = A8214B2A1E99BFB8005E3F4D /* Main.storyboard */; };
		A8214B2E1E99BFB8005E3F4D /* Assets.xcassets in Resources */ = {isa = PBXBuildFile; fileRef = A8214B2D1E99BFB8005E3F4D /* Assets.xcassets */; };
		A8214B311E99BFB8005E3F4D /* LaunchScreen.storyboard in Resources */ = {isa = PBXBuildFile; fileRef = A8214B2F1E99BFB8005E3F4D /* LaunchScreen.storyboard */; };
		A8214B3A1E99C00C005E3F4D /* Accelerate.framework in Frameworks */ = {isa = PBXBuildFile; fileRef = A8214B391E99C00C005E3F4D /* Accelerate.framework */; };
		A86285121EBAF651009FAECA /* circle.png in Resources */ = {isa = PBXBuildFile; fileRef = A86285111EBAF651009FAECA /* circle.png */; };
		A86285141EBAF6E8009FAECA /* pisa.jpeg in Resources */ = {isa = PBXBuildFile; fileRef = A86285131EBAF6E8009FAECA /* pisa.jpeg */; };
		A86285161EBB3960009FAECA /* prince_book.jpg in Resources */ = {isa = PBXBuildFile; fileRef = A86285151EBB3960009FAECA /* prince_book.jpg */; };
		A86285181EBB5AB7009FAECA /* book.png in Resources */ = {isa = PBXBuildFile; fileRef = A86285171EBB5AB7009FAECA /* book.png */; };
		A862851A1EBB5C09009FAECA /* pattern.jpg in Resources */ = {isa = PBXBuildFile; fileRef = A86285191EBB5C09009FAECA /* pattern.jpg */; };
		A862851C1EBB6183009FAECA /* taj.jpg in Resources */ = {isa = PBXBuildFile; fileRef = A862851B1EBB6183009FAECA /* taj.jpg */; };
		A89C46CF1EB56E3800725F0A /* Convolution.cpp in Sources */ = {isa = PBXBuildFile; fileRef = A89C46CD1EB56E3800725F0A /* Convolution.cpp */; };
		A89C46DE1EB6B47C00725F0A /* im2col.cpp in Sources */ = {isa = PBXBuildFile; fileRef = A89C46DC1EB6B47C00725F0A /* im2col.cpp */; };
		A89C46E51EB965C600725F0A /* armadillo in Resources */ = {isa = PBXBuildFile; fileRef = A89C46E31EB965C600725F0A /* armadillo */; };
		A89C46E61EB965C600725F0A /* armadillo_bits in Resources */ = {isa = PBXBuildFile; fileRef = A89C46E41EB965C600725F0A /* armadillo_bits */; };
		A8C3A2661EB1672000FD6CBB /* train-images-idx3-ubyte.data in Resources */ = {isa = PBXBuildFile; fileRef = A8C3A25E1EB11BE200FD6CBB /* train-images-idx3-ubyte.data */; };
		A8C3A2671EB1672000FD6CBB /* train-labels-idx1-ubyte.data in Resources */ = {isa = PBXBuildFile; fileRef = A8C3A25F1EB11BE200FD6CBB /* train-labels-idx1-ubyte.data */; };
		A8C3A2681EB1672000FD6CBB /* t10k-images-idx3-ubyte.data in Resources */ = {isa = PBXBuildFile; fileRef = A8C3A2601EB11BE200FD6CBB /* t10k-images-idx3-ubyte.data */; };
		A8C3A2691EB1672000FD6CBB /* t10k-labels-idx1-ubyte.data in Resources */ = {isa = PBXBuildFile; fileRef = A8C3A2611EB11BE200FD6CBB /* t10k-labels-idx1-ubyte.data */; };
		A8E876DA1EBA7F5600F09EA9 /* opencv2.framework in Frameworks */ = {isa = PBXBuildFile; fileRef = A8E876D91EBA7F5600F09EA9 /* opencv2.framework */; };
		A8FF96461EB9747D0007BFBA /* image.jpeg in Resources */ = {isa = PBXBuildFile; fileRef = A8FF96451EB9747D0007BFBA /* image.jpeg */; };
/* End PBXBuildFile section */

/* Begin PBXFileReference section */
		A80789F41EA994DC00FBA137 /* Accelerate.framework */ = {isa = PBXFileReference; lastKnownFileType = wrapper.framework; name = Accelerate.framework; path = System/Library/Frameworks/Accelerate.framework; sourceTree = SDKROOT; };
		A8214B1E1E99BFB8005E3F4D /* xnor.app */ = {isa = PBXFileReference; explicitFileType = wrapper.application; includeInIndex = 0; path = xnor.app; sourceTree = BUILT_PRODUCTS_DIR; };
		A8214B221E99BFB8005E3F4D /* main.m */ = {isa = PBXFileReference; lastKnownFileType = sourcecode.c.objc; path = main.m; sourceTree = "<group>"; };
		A8214B241E99BFB8005E3F4D /* AppDelegate.h */ = {isa = PBXFileReference; lastKnownFileType = sourcecode.c.h; path = AppDelegate.h; sourceTree = "<group>"; };
		A8214B251E99BFB8005E3F4D /* AppDelegate.m */ = {isa = PBXFileReference; lastKnownFileType = sourcecode.c.objc; path = AppDelegate.m; sourceTree = "<group>"; };
		A8214B271E99BFB8005E3F4D /* ViewController.h */ = {isa = PBXFileReference; lastKnownFileType = sourcecode.c.h; path = ViewController.h; sourceTree = "<group>"; };
		A8214B281E99BFB8005E3F4D /* ViewController.mm */ = {isa = PBXFileReference; lastKnownFileType = sourcecode.cpp.objcpp; path = ViewController.mm; sourceTree = "<group>"; };
		A8214B2B1E99BFB8005E3F4D /* Base */ = {isa = PBXFileReference; lastKnownFileType = file.storyboard; name = Base; path = Base.lproj/Main.storyboard; sourceTree = "<group>"; };
		A8214B2D1E99BFB8005E3F4D /* Assets.xcassets */ = {isa = PBXFileReference; lastKnownFileType = folder.assetcatalog; path = Assets.xcassets; sourceTree = "<group>"; };
		A8214B301E99BFB8005E3F4D /* Base */ = {isa = PBXFileReference; lastKnownFileType = file.storyboard; name = Base; path = Base.lproj/LaunchScreen.storyboard; sourceTree = "<group>"; };
		A8214B321E99BFB8005E3F4D /* Info.plist */ = {isa = PBXFileReference; lastKnownFileType = text.plist.xml; path = Info.plist; sourceTree = "<group>"; };
		A8214B391E99C00C005E3F4D /* Accelerate.framework */ = {isa = PBXFileReference; lastKnownFileType = wrapper.framework; name = Accelerate.framework; path = System/Library/Frameworks/Accelerate.framework; sourceTree = SDKROOT; };
		A86285111EBAF651009FAECA /* circle.png */ = {isa = PBXFileReference; lastKnownFileType = image.png; path = circle.png; sourceTree = "<group>"; };
		A86285131EBAF6E8009FAECA /* pisa.jpeg */ = {isa = PBXFileReference; lastKnownFileType = image.jpeg; path = pisa.jpeg; sourceTree = "<group>"; };
		A86285151EBB3960009FAECA /* prince_book.jpg */ = {isa = PBXFileReference; lastKnownFileType = image.jpeg; path = prince_book.jpg; sourceTree = "<group>"; };
		A86285171EBB5AB7009FAECA /* book.png */ = {isa = PBXFileReference; lastKnownFileType = image.png; path = book.png; sourceTree = "<group>"; };
		A86285191EBB5C09009FAECA /* pattern.jpg */ = {isa = PBXFileReference; lastKnownFileType = image.jpeg; path = pattern.jpg; sourceTree = "<group>"; };
		A862851B1EBB6183009FAECA /* taj.jpg */ = {isa = PBXFileReference; lastKnownFileType = image.jpeg; path = taj.jpg; sourceTree = "<group>"; };
		A89C46CD1EB56E3800725F0A /* Convolution.cpp */ = {isa = PBXFileReference; fileEncoding = 4; lastKnownFileType = sourcecode.cpp.cpp; path = Convolution.cpp; sourceTree = "<group>"; };
		A89C46CE1EB56E3800725F0A /* Convolution.hpp */ = {isa = PBXFileReference; fileEncoding = 4; lastKnownFileType = sourcecode.cpp.h; path = Convolution.hpp; sourceTree = "<group>"; };
		A89C46DC1EB6B47C00725F0A /* im2col.cpp */ = {isa = PBXFileReference; fileEncoding = 4; lastKnownFileType = sourcecode.cpp.cpp; path = im2col.cpp; sourceTree = "<group>"; };
		A89C46DD1EB6B47C00725F0A /* im2col.hpp */ = {isa = PBXFileReference; fileEncoding = 4; lastKnownFileType = sourcecode.cpp.h; path = im2col.hpp; sourceTree = "<group>"; };
		A89C46E31EB965C600725F0A /* armadillo */ = {isa = PBXFileReference; fileEncoding = 4; lastKnownFileType = text; path = armadillo; sourceTree = "<group>"; };
		A89C46E41EB965C600725F0A /* armadillo_bits */ = {isa = PBXFileReference; lastKnownFileType = folder; path = armadillo_bits; sourceTree = "<group>"; };
		A8C3A25E1EB11BE200FD6CBB /* train-images-idx3-ubyte.data */ = {isa = PBXFileReference; lastKnownFileType = file; name = "train-images-idx3-ubyte.data"; path = "mnistData/train-images-idx3-ubyte.data"; sourceTree = "<group>"; };
		A8C3A25F1EB11BE200FD6CBB /* train-labels-idx1-ubyte.data */ = {isa = PBXFileReference; lastKnownFileType = file; name = "train-labels-idx1-ubyte.data"; path = "mnistData/train-labels-idx1-ubyte.data"; sourceTree = "<group>"; };
		A8C3A2601EB11BE200FD6CBB /* t10k-images-idx3-ubyte.data */ = {isa = PBXFileReference; lastKnownFileType = file; name = "t10k-images-idx3-ubyte.data"; path = "mnistData/t10k-images-idx3-ubyte.data"; sourceTree = "<group>"; };
		A8C3A2611EB11BE200FD6CBB /* t10k-labels-idx1-ubyte.data */ = {isa = PBXFileReference; lastKnownFileType = file; name = "t10k-labels-idx1-ubyte.data"; path = "mnistData/t10k-labels-idx1-ubyte.data"; sourceTree = "<group>"; };
		A8E876D71EBA7E9500F09EA9 /* GPUImage.framework */ = {isa = PBXFileReference; lastKnownFileType = wrapper.framework; name = GPUImage.framework; path = xnor/GPUImage.framework; sourceTree = "<group>"; };
		A8E876D91EBA7F5600F09EA9 /* opencv2.framework */ = {isa = PBXFileReference; lastKnownFileType = wrapper.framework; name = opencv2.framework; path = xnor/opencv2.framework; sourceTree = "<group>"; };
		A8FF96451EB9747D0007BFBA /* image.jpeg */ = {isa = PBXFileReference; lastKnownFileType = image.jpeg; path = image.jpeg; sourceTree = "<group>"; };
/* End PBXFileReference section */

/* Begin PBXFrameworksBuildPhase section */
		A8214B1B1E99BFB7005E3F4D /* Frameworks */ = {
			isa = PBXFrameworksBuildPhase;
			buildActionMask = 2147483647;
			files = (
				A8E876DA1EBA7F5600F09EA9 /* opencv2.framework in Frameworks */,
				A8214B3A1E99C00C005E3F4D /* Accelerate.framework in Frameworks */,
			);
			runOnlyForDeploymentPostprocessing = 0;
		};
/* End PBXFrameworksBuildPhase section */

/* Begin PBXGroup section */
		A8214B151E99BFB7005E3F4D = {
			isa = PBXGroup;
			children = (
				A80789F41EA994DC00FBA137 /* Accelerate.framework */,
				A8214B201E99BFB8005E3F4D /* xnor */,
				A8214B1F1E99BFB8005E3F4D /* Products */,
				A8214B381E99C00C005E3F4D /* Frameworks */,
			);
			sourceTree = "<group>";
		};
		A8214B1F1E99BFB8005E3F4D /* Products */ = {
			isa = PBXGroup;
			children = (
				A8214B1E1E99BFB8005E3F4D /* xnor.app */,
			);
			name = Products;
			sourceTree = "<group>";
		};
		A8214B201E99BFB8005E3F4D /* xnor */ = {
			isa = PBXGroup;
			children = (
				A89C46E31EB965C600725F0A /* armadillo */,
				A89C46E41EB965C600725F0A /* armadillo_bits */,
				A8214B241E99BFB8005E3F4D /* AppDelegate.h */,
				A8214B251E99BFB8005E3F4D /* AppDelegate.m */,
				A8214B271E99BFB8005E3F4D /* ViewController.h */,
				A8214B281E99BFB8005E3F4D /* ViewController.mm */,
				A8214B2A1E99BFB8005E3F4D /* Main.storyboard */,
				A8214B2D1E99BFB8005E3F4D /* Assets.xcassets */,
				A8214B2F1E99BFB8005E3F4D /* LaunchScreen.storyboard */,
				A8214B321E99BFB8005E3F4D /* Info.plist */,
				A89C46CD1EB56E3800725F0A /* Convolution.cpp */,
				A89C46CE1EB56E3800725F0A /* Convolution.hpp */,
				A8214B211E99BFB8005E3F4D /* Supporting Files */,
				A89C46DC1EB6B47C00725F0A /* im2col.cpp */,
				A89C46DD1EB6B47C00725F0A /* im2col.hpp */,
			);
			path = xnor;
			sourceTree = "<group>";
		};
		A8214B211E99BFB8005E3F4D /* Supporting Files */ = {
			isa = PBXGroup;
			children = (
				A862851B1EBB6183009FAECA /* taj.jpg */,
				A86285191EBB5C09009FAECA /* pattern.jpg */,
				A86285171EBB5AB7009FAECA /* book.png */,
				A86285151EBB3960009FAECA /* prince_book.jpg */,
				A86285131EBAF6E8009FAECA /* pisa.jpeg */,
				A86285111EBAF651009FAECA /* circle.png */,
				A8FF96451EB9747D0007BFBA /* image.jpeg */,
				A8C3A25E1EB11BE200FD6CBB /* train-images-idx3-ubyte.data */,
				A8C3A25F1EB11BE200FD6CBB /* train-labels-idx1-ubyte.data */,
				A8C3A2601EB11BE200FD6CBB /* t10k-images-idx3-ubyte.data */,
				A8C3A2611EB11BE200FD6CBB /* t10k-labels-idx1-ubyte.data */,
				A8214B221E99BFB8005E3F4D /* main.m */,
			);
			name = "Supporting Files";
			sourceTree = "<group>";
		};
		A8214B381E99C00C005E3F4D /* Frameworks */ = {
			isa = PBXGroup;
			children = (
				A8E876D91EBA7F5600F09EA9 /* opencv2.framework */,
				A8E876D71EBA7E9500F09EA9 /* GPUImage.framework */,
				A8214B391E99C00C005E3F4D /* Accelerate.framework */,
			);
			name = Frameworks;
			sourceTree = "<group>";
		};
/* End PBXGroup section */

/* Begin PBXNativeTarget section */
		A8214B1D1E99BFB7005E3F4D /* xnor */ = {
			isa = PBXNativeTarget;
			buildConfigurationList = A8214B351E99BFB8005E3F4D /* Build configuration list for PBXNativeTarget "xnor" */;
			buildPhases = (
				A8214B1A1E99BFB7005E3F4D /* Sources */,
				A8214B1B1E99BFB7005E3F4D /* Frameworks */,
				A8214B1C1E99BFB7005E3F4D /* Resources */,
			);
			buildRules = (
			);
			dependencies = (
			);
			name = xnor;
			productName = xnor;
			productReference = A8214B1E1E99BFB8005E3F4D /* xnor.app */;
			productType = "com.apple.product-type.application";
		};
/* End PBXNativeTarget section */

/* Begin PBXProject section */
		A8214B161E99BFB7005E3F4D /* Project object */ = {
			isa = PBXProject;
			attributes = {
				LastUpgradeCheck = 0820;
				ORGANIZATIONNAME = "Shalini Ramakrishnan";
				TargetAttributes = {
					A8214B1D1E99BFB7005E3F4D = {
						CreatedOnToolsVersion = 8.2.1;
						DevelopmentTeam = 4K6836J557;
						ProvisioningStyle = Automatic;
					};
				};
			};
			buildConfigurationList = A8214B191E99BFB7005E3F4D /* Build configuration list for PBXProject "xnor" */;
			compatibilityVersion = "Xcode 3.2";
			developmentRegion = English;
			hasScannedForEncodings = 0;
			knownRegions = (
				en,
				Base,
			);
			mainGroup = A8214B151E99BFB7005E3F4D;
			productRefGroup = A8214B1F1E99BFB8005E3F4D /* Products */;
			projectDirPath = "";
			projectRoot = "";
			targets = (
				A8214B1D1E99BFB7005E3F4D /* xnor */,
			);
		};
/* End PBXProject section */

/* Begin PBXResourcesBuildPhase section */
		A8214B1C1E99BFB7005E3F4D /* Resources */ = {
			isa = PBXResourcesBuildPhase;
			buildActionMask = 2147483647;
			files = (
				A8C3A2661EB1672000FD6CBB /* train-images-idx3-ubyte.data in Resources */,
				A8FF96461EB9747D0007BFBA /* image.jpeg in Resources */,
				A862851A1EBB5C09009FAECA /* pattern.jpg in Resources */,
				A86285141EBAF6E8009FAECA /* pisa.jpeg in Resources */,
				A8C3A2671EB1672000FD6CBB /* train-labels-idx1-ubyte.data in Resources */,
				A862851C1EBB6183009FAECA /* taj.jpg in Resources */,
				A8C3A2681EB1672000FD6CBB /* t10k-images-idx3-ubyte.data in Resources */,
				A86285121EBAF651009FAECA /* circle.png in Resources */,
				A86285181EBB5AB7009FAECA /* book.png in Resources */,
				A8C3A2691EB1672000FD6CBB /* t10k-labels-idx1-ubyte.data in Resources */,
				A86285161EBB3960009FAECA /* prince_book.jpg in Resources */,
				A8214B311E99BFB8005E3F4D /* LaunchScreen.storyboard in Resources */,
				A8214B2E1E99BFB8005E3F4D /* Assets.xcassets in Resources */,
				A89C46E61EB965C600725F0A /* armadillo_bits in Resources */,
				A89C46E51EB965C600725F0A /* armadillo in Resources */,
				A8214B2C1E99BFB8005E3F4D /* Main.storyboard in Resources */,
			);
			runOnlyForDeploymentPostprocessing = 0;
		};
/* End PBXResourcesBuildPhase section */

/* Begin PBXSourcesBuildPhase section */
		A8214B1A1E99BFB7005E3F4D /* Sources */ = {
			isa = PBXSourcesBuildPhase;
			buildActionMask = 2147483647;
			files = (
				A8214B291E99BFB8005E3F4D /* ViewController.mm in Sources */,
				A8214B261E99BFB8005E3F4D /* AppDelegate.m in Sources */,
				A89C46CF1EB56E3800725F0A /* Convolution.cpp in Sources */,
				A8214B231E99BFB8005E3F4D /* main.m in Sources */,
				A89C46DE1EB6B47C00725F0A /* im2col.cpp in Sources */,
			);
			runOnlyForDeploymentPostprocessing = 0;
		};
/* End PBXSourcesBuildPhase section */

/* Begin PBXVariantGroup section */
		A8214B2A1E99BFB8005E3F4D /* Main.storyboard */ = {
			isa = PBXVariantGroup;
			children = (
				A8214B2B1E99BFB8005E3F4D /* Base */,
			);
			name = Main.storyboard;
			sourceTree = "<group>";
		};
		A8214B2F1E99BFB8005E3F4D /* LaunchScreen.storyboard */ = {
			isa = PBXVariantGroup;
			children = (
				A8214B301E99BFB8005E3F4D /* Base */,
			);
			name = LaunchScreen.storyboard;
			sourceTree = "<group>";
		};
/* End PBXVariantGroup section */

/* Begin XCBuildConfiguration section */
		A8214B331E99BFB8005E3F4D /* Debug */ = {
			isa = XCBuildConfiguration;
			buildSettings = {
				ALWAYS_SEARCH_USER_PATHS = NO;
				CLANG_ANALYZER_NONNULL = YES;
				CLANG_CXX_LANGUAGE_STANDARD = "gnu++0x";
				CLANG_CXX_LIBRARY = "libc++";
				CLANG_ENABLE_MODULES = YES;
				CLANG_ENABLE_OBJC_ARC = YES;
				CLANG_WARN_BOOL_CONVERSION = YES;
				CLANG_WARN_CONSTANT_CONVERSION = YES;
				CLANG_WARN_DIRECT_OBJC_ISA_USAGE = YES_ERROR;
				CLANG_WARN_DOCUMENTATION_COMMENTS = YES;
				CLANG_WARN_EMPTY_BODY = YES;
				CLANG_WARN_ENUM_CONVERSION = YES;
				CLANG_WARN_INFINITE_RECURSION = YES;
				CLANG_WARN_INT_CONVERSION = YES;
				CLANG_WARN_OBJC_ROOT_CLASS = YES_ERROR;
				CLANG_WARN_SUSPICIOUS_MOVE = YES;
				CLANG_WARN_UNREACHABLE_CODE = YES;
				CLANG_WARN__DUPLICATE_METHOD_MATCH = YES;
				"CODE_SIGN_IDENTITY[sdk=iphoneos*]" = "iPhone Developer";
				COPY_PHASE_STRIP = NO;
				DEBUG_INFORMATION_FORMAT = dwarf;
				ENABLE_STRICT_OBJC_MSGSEND = YES;
				ENABLE_TESTABILITY = YES;
				GCC_C_LANGUAGE_STANDARD = gnu99;
				GCC_DYNAMIC_NO_PIC = NO;
				GCC_NO_COMMON_BLOCKS = YES;
				GCC_OPTIMIZATION_LEVEL = 0;
				GCC_PREPROCESSOR_DEFINITIONS = (
					"DEBUG=1",
					"$(inherited)",
				);
				GCC_WARN_64_TO_32_BIT_CONVERSION = YES;
				GCC_WARN_ABOUT_RETURN_TYPE = YES_ERROR;
				GCC_WARN_UNDECLARED_SELECTOR = YES;
				GCC_WARN_UNINITIALIZED_AUTOS = YES_AGGRESSIVE;
				GCC_WARN_UNUSED_FUNCTION = YES;
				GCC_WARN_UNUSED_VARIABLE = YES;
				IPHONEOS_DEPLOYMENT_TARGET = 10.2;
				MTL_ENABLE_DEBUG_INFO = YES;
				ONLY_ACTIVE_ARCH = YES;
				SDKROOT = iphoneos;
				TARGETED_DEVICE_FAMILY = "1,2";
			};
			name = Debug;
		};
		A8214B341E99BFB8005E3F4D /* Release */ = {
			isa = XCBuildConfiguration;
			buildSettings = {
				ALWAYS_SEARCH_USER_PATHS = NO;
				CLANG_ANALYZER_NONNULL = YES;
				CLANG_CXX_LANGUAGE_STANDARD = "gnu++0x";
				CLANG_CXX_LIBRARY = "libc++";
				CLANG_ENABLE_MODULES = YES;
				CLANG_ENABLE_OBJC_ARC = YES;
				CLANG_WARN_BOOL_CONVERSION = YES;
				CLANG_WARN_CONSTANT_CONVERSION = YES;
				CLANG_WARN_DIRECT_OBJC_ISA_USAGE = YES_ERROR;
				CLANG_WARN_DOCUMENTATION_COMMENTS = YES;
				CLANG_WARN_EMPTY_BODY = YES;
				CLANG_WARN_ENUM_CONVERSION = YES;
				CLANG_WARN_INFINITE_RECURSION = YES;
				CLANG_WARN_INT_CONVERSION = YES;
				CLANG_WARN_OBJC_ROOT_CLASS = YES_ERROR;
				CLANG_WARN_SUSPICIOUS_MOVE = YES;
				CLANG_WARN_UNREACHABLE_CODE = YES;
				CLANG_WARN__DUPLICATE_METHOD_MATCH = YES;
				"CODE_SIGN_IDENTITY[sdk=iphoneos*]" = "iPhone Developer";
				COPY_PHASE_STRIP = NO;
				DEBUG_INFORMATION_FORMAT = "dwarf-with-dsym";
				ENABLE_NS_ASSERTIONS = NO;
				ENABLE_STRICT_OBJC_MSGSEND = YES;
				GCC_C_LANGUAGE_STANDARD = gnu99;
				GCC_NO_COMMON_BLOCKS = YES;
				GCC_WARN_64_TO_32_BIT_CONVERSION = YES;
				GCC_WARN_ABOUT_RETURN_TYPE = YES_ERROR;
				GCC_WARN_UNDECLARED_SELECTOR = YES;
				GCC_WARN_UNINITIALIZED_AUTOS = YES_AGGRESSIVE;
				GCC_WARN_UNUSED_FUNCTION = YES;
				GCC_WARN_UNUSED_VARIABLE = YES;
				IPHONEOS_DEPLOYMENT_TARGET = 10.2;
				MTL_ENABLE_DEBUG_INFO = NO;
				SDKROOT = iphoneos;
				TARGETED_DEVICE_FAMILY = "1,2";
				VALIDATE_PRODUCT = YES;
			};
			name = Release;
		};
		A8214B361E99BFB8005E3F4D /* Debug */ = {
			isa = XCBuildConfiguration;
			buildSettings = {
				ASSETCATALOG_COMPILER_APPICON_NAME = AppIcon;
				CODE_SIGN_IDENTITY = "iPhone Developer";
				DEVELOPMENT_TEAM = 4K6836J557;
				ENABLE_BITCODE = NO;
				FRAMEWORK_SEARCH_PATHS = (
					"$(inherited)",
					"$(PROJECT_DIR)/xnor",
				);
				INFOPLIST_FILE = xnor/Info.plist;
				IPHONEOS_DEPLOYMENT_TARGET = 9.3;
				LD_RUNPATH_SEARCH_PATHS = "$(inherited) @executable_path/Frameworks";
				PRODUCT_BUNDLE_IDENTIFIER = com.example.xnor;
				PRODUCT_NAME = "$(TARGET_NAME)";
				TARGETED_DEVICE_FAMILY = 2;
			};
			name = Debug;
		};
		A8214B371E99BFB8005E3F4D /* Release */ = {
			isa = XCBuildConfiguration;
			buildSettings = {
				ASSETCATALOG_COMPILER_APPICON_NAME = AppIcon;
				CODE_SIGN_IDENTITY = "iPhone Developer";
				DEVELOPMENT_TEAM = 4K6836J557;
				ENABLE_BITCODE = NO;
				FRAMEWORK_SEARCH_PATHS = (
					"$(inherited)",
					"$(PROJECT_DIR)/xnor",
				);
				INFOPLIST_FILE = xnor/Info.plist;
				IPHONEOS_DEPLOYMENT_TARGET = 9.3;
				LD_RUNPATH_SEARCH_PATHS = "$(inherited) @executable_path/Frameworks";
				PRODUCT_BUNDLE_IDENTIFIER = com.example.xnor;
				PRODUCT_NAME = "$(TARGET_NAME)";
				TARGETED_DEVICE_FAMILY = 2;
			};
			name = Release;
		};
/* End XCBuildConfiguration section */

/* Begin XCConfigurationList section */
		A8214B191E99BFB7005E3F4D /* Build configuration list for PBXProject "xnor" */ = {
			isa = XCConfigurationList;
			buildConfigurations = (
				A8214B331E99BFB8005E3F4D /* Debug */,
				A8214B341E99BFB8005E3F4D /* Release */,
			);
			defaultConfigurationIsVisible = 0;
			defaultConfigurationName = Release;
		};
		A8214B351E99BFB8005E3F4D /* Build configuration list for PBXNativeTarget "xnor" */ = {
			isa = XCConfigurationList;
			buildConfigurations = (
				A8214B361E99BFB8005E3F4D /* Debug */,
				A8214B371E99BFB8005E3F4D /* Release */,
			);
			defaultConfigurationIsVisible = 0;
			defaultConfigurationName = Release;
		};
/* End XCConfigurationList section */
	};
	rootObject = A8214B161E99BFB7005E3F4D /* Project object */;
}
